
Microsoft Visual Studio Solution File, Format Version 12.00
# Visual Studio Version 17
VisualStudioVersion = 17.11.35327.3
MinimumVisualStudioVersion = 10.0.40219.1
Project("{FAE04EC0-301F-11D3-BF4B-00C04F79EFBC}") = "Voice Assistant", "Voice Assistant\Voice Assistant.csproj", "{4019F298-3085-4E94-9DC9-063FF9044C66}"
EndProject
Global
	GlobalSection(SolutionConfigurationPlatforms) = preSolution
		Debug|Any CPU = Debug|Any CPU
		Release|Any CPU = Release|Any CPU
	EndGlobalSection
	GlobalSection(ProjectConfigurationPlatforms) = postSolution
		{4019F298-3085-4E94-9DC9-063FF9044C66}.Debug|Any CPU.ActiveCfg = Debug|Any CPU
		{4019F298-3085-4E94-9DC9-063FF9044C66}.Debug|Any CPU.Build.0 = Debug|Any CPU
		{4019F298-3085-4E94-9DC9-063FF9044C66}.Release|Any CPU.ActiveCfg = Release|Any CPU
		{4019F298-3085-4E94-9DC9-063FF9044C66}.Release|Any CPU.Build.0 = Release|Any CPU
	EndGlobalSection
	GlobalSection(SolutionProperties) = preSolution
		HideSolutionNode = FALSE
	EndGlobalSection
	GlobalSection(ExtensibilityGlobals) = postSolution
		SolutionGuid = {A54568C8-4C66-4619-BE88-4E05155C0661}
	EndGlobalSection
EndGlobal
